// !$*UTF8*$!
{
	archiveVersion = 1;
	classes = {
	};
	objectVersion = 56;
	objects = {

/* Begin PBXBuildFile section */
		982E70292B574CC9006637FD /* MockNetworkService.swift in Sources */ = {isa = PBXBuildFile; fileRef = 982E70282B574CC9006637FD /* MockNetworkService.swift */; };
		9869A4BE2B4B6F6200FA566E /* RecipeViewModel_Tests.swift in Sources */ = {isa = PBXBuildFile; fileRef = 9869A4BD2B4B6F6200FA566E /* RecipeViewModel_Tests.swift */; };
		986E88502B5E1BDB004CF3D7 /* NetworkingManager.swift in Sources */ = {isa = PBXBuildFile; fileRef = 986E884F2B5E1BDB004CF3D7 /* NetworkingManager.swift */; };
		98E084272B44EFBB00B60925 /* MealRecipesApp.swift in Sources */ = {isa = PBXBuildFile; fileRef = 98E084262B44EFBB00B60925 /* MealRecipesApp.swift */; };
		98E084292B44EFBB00B60925 /* RecipeDetailsView.swift in Sources */ = {isa = PBXBuildFile; fileRef = 98E084282B44EFBB00B60925 /* RecipeDetailsView.swift */; };
		98E0842B2B44EFBD00B60925 /* Assets.xcassets in Resources */ = {isa = PBXBuildFile; fileRef = 98E0842A2B44EFBD00B60925 /* Assets.xcassets */; };
		98E0842E2B44EFBD00B60925 /* Preview Assets.xcassets in Resources */ = {isa = PBXBuildFile; fileRef = 98E0842D2B44EFBD00B60925 /* Preview Assets.xcassets */; };
		98E084382B44F1D000B60925 /* RecipeModel.swift in Sources */ = {isa = PBXBuildFile; fileRef = 98E084372B44F1D000B60925 /* RecipeModel.swift */; };
		98E0843A2B450AD600B60925 /* RecipesView.swift in Sources */ = {isa = PBXBuildFile; fileRef = 98E084392B450AD600B60925 /* RecipesView.swift */; };
		98E0843C2B450B2600B60925 /* RecipeViewModel.swift in Sources */ = {isa = PBXBuildFile; fileRef = 98E0843B2B450B2600B60925 /* RecipeViewModel.swift */; };
/* End PBXBuildFile section */

/* Begin PBXContainerItemProxy section */
		9869A4BF2B4B6F6200FA566E /* PBXContainerItemProxy */ = {
			isa = PBXContainerItemProxy;
			containerPortal = 98E0841B2B44EFBB00B60925 /* Project object */;
			proxyType = 1;
			remoteGlobalIDString = 98E084222B44EFBB00B60925;
			remoteInfo = MealRecipes;
		};
/* End PBXContainerItemProxy section */

/* Begin PBXFileReference section */
		982E70282B574CC9006637FD /* MockNetworkService.swift */ = {isa = PBXFileReference; lastKnownFileType = sourcecode.swift; path = MockNetworkService.swift; sourceTree = "<group>"; };
		9869A4BB2B4B6F6200FA566E /* MealRecipesTests.xctest */ = {isa = PBXFileReference; explicitFileType = wrapper.cfbundle; includeInIndex = 0; path = MealRecipesTests.xctest; sourceTree = BUILT_PRODUCTS_DIR; };
		9869A4BD2B4B6F6200FA566E /* RecipeViewModel_Tests.swift */ = {isa = PBXFileReference; lastKnownFileType = sourcecode.swift; path = RecipeViewModel_Tests.swift; sourceTree = "<group>"; };
		986E884F2B5E1BDB004CF3D7 /* NetworkingManager.swift */ = {isa = PBXFileReference; lastKnownFileType = sourcecode.swift; path = NetworkingManager.swift; sourceTree = "<group>"; };
		98E084232B44EFBB00B60925 /* MealRecipes.app */ = {isa = PBXFileReference; explicitFileType = wrapper.application; includeInIndex = 0; path = MealRecipes.app; sourceTree = BUILT_PRODUCTS_DIR; };
		98E084262B44EFBB00B60925 /* MealRecipesApp.swift */ = {isa = PBXFileReference; lastKnownFileType = sourcecode.swift; path = MealRecipesApp.swift; sourceTree = "<group>"; };
		98E084282B44EFBB00B60925 /* RecipeDetailsView.swift */ = {isa = PBXFileReference; lastKnownFileType = sourcecode.swift; path = RecipeDetailsView.swift; sourceTree = "<group>"; };
		98E0842A2B44EFBD00B60925 /* Assets.xcassets */ = {isa = PBXFileReference; lastKnownFileType = folder.assetcatalog; path = Assets.xcassets; sourceTree = "<group>"; };
		98E0842D2B44EFBD00B60925 /* Preview Assets.xcassets */ = {isa = PBXFileReference; lastKnownFileType = folder.assetcatalog; path = "Preview Assets.xcassets"; sourceTree = "<group>"; };
		98E084372B44F1D000B60925 /* RecipeModel.swift */ = {isa = PBXFileReference; lastKnownFileType = sourcecode.swift; path = RecipeModel.swift; sourceTree = "<group>"; };
		98E084392B450AD600B60925 /* RecipesView.swift */ = {isa = PBXFileReference; lastKnownFileType = sourcecode.swift; path = RecipesView.swift; sourceTree = "<group>"; };
		98E0843B2B450B2600B60925 /* RecipeViewModel.swift */ = {isa = PBXFileReference; lastKnownFileType = sourcecode.swift; path = RecipeViewModel.swift; sourceTree = "<group>"; };
/* End PBXFileReference section */

/* Begin PBXFrameworksBuildPhase section */
		9869A4B82B4B6F6200FA566E /* Frameworks */ = {
			isa = PBXFrameworksBuildPhase;
			buildActionMask = 2147483647;
			files = (
			);
			runOnlyForDeploymentPostprocessing = 0;
		};
		98E084202B44EFBB00B60925 /* Frameworks */ = {
			isa = PBXFrameworksBuildPhase;
			buildActionMask = 2147483647;
			files = (
			);
			runOnlyForDeploymentPostprocessing = 0;
		};
/* End PBXFrameworksBuildPhase section */

/* Begin PBXGroup section */
		9869A4BC2B4B6F6200FA566E /* MealRecipesTests */ = {
			isa = PBXGroup;
			children = (
				9869A4BD2B4B6F6200FA566E /* RecipeViewModel_Tests.swift */,
			);
			path = MealRecipesTests;
			sourceTree = "<group>";
		};
		986E884E2B5E1BA1004CF3D7 /* Utilities */ = {
			isa = PBXGroup;
			children = (
				986E884F2B5E1BDB004CF3D7 /* NetworkingManager.swift */,
			);
			path = Utilities;
			sourceTree = "<group>";
		};
		98E0841A2B44EFBB00B60925 = {
			isa = PBXGroup;
			children = (
				98E084252B44EFBB00B60925 /* MealRecipes */,
				98E0842A2B44EFBD00B60925 /* Assets.xcassets */,
				9869A4BC2B4B6F6200FA566E /* MealRecipesTests */,
				98E084242B44EFBB00B60925 /* Products */,
			);
			sourceTree = "<group>";
		};
		98E084242B44EFBB00B60925 /* Products */ = {
			isa = PBXGroup;
			children = (
				98E084232B44EFBB00B60925 /* MealRecipes.app */,
				9869A4BB2B4B6F6200FA566E /* MealRecipesTests.xctest */,
			);
			name = Products;
			sourceTree = "<group>";
		};
		98E084252B44EFBB00B60925 /* MealRecipes */ = {
			isa = PBXGroup;
			children = (
				98E084262B44EFBB00B60925 /* MealRecipesApp.swift */,
				986E884E2B5E1BA1004CF3D7 /* Utilities */,
				98E084342B44F14C00B60925 /* Models */,
				98E084362B44F17F00B60925 /* ViewModel */,
				98E084352B44F15C00B60925 /* Views */,
				98E0842C2B44EFBD00B60925 /* Preview Content */,
			);
			path = MealRecipes;
			sourceTree = "<group>";
		};
		98E0842C2B44EFBD00B60925 /* Preview Content */ = {
			isa = PBXGroup;
			children = (
				98E0842D2B44EFBD00B60925 /* Preview Assets.xcassets */,
			);
			path = "Preview Content";
			sourceTree = "<group>";
		};
		98E084342B44F14C00B60925 /* Models */ = {
			isa = PBXGroup;
			children = (
				98E084372B44F1D000B60925 /* RecipeModel.swift */,
			);
			path = Models;
			sourceTree = "<group>";
		};
		98E084352B44F15C00B60925 /* Views */ = {
			isa = PBXGroup;
			children = (
				98E084282B44EFBB00B60925 /* RecipeDetailsView.swift */,
				98E084392B450AD600B60925 /* RecipesView.swift */,
			);
			path = Views;
			sourceTree = "<group>";
		};
		98E084362B44F17F00B60925 /* ViewModel */ = {
			isa = PBXGroup;
			children = (
				98E0843B2B450B2600B60925 /* RecipeViewModel.swift */,
				982E70282B574CC9006637FD /* MockNetworkService.swift */,
			);
			path = ViewModel;
			sourceTree = "<group>";
		};
/* End PBXGroup section */

/* Begin PBXNativeTarget section */
		9869A4BA2B4B6F6200FA566E /* MealRecipesTests */ = {
			isa = PBXNativeTarget;
			buildConfigurationList = 9869A4C32B4B6F6200FA566E /* Build configuration list for PBXNativeTarget "MealRecipesTests" */;
			buildPhases = (
				9869A4B72B4B6F6200FA566E /* Sources */,
				9869A4B82B4B6F6200FA566E /* Frameworks */,
				9869A4B92B4B6F6200FA566E /* Resources */,
			);
			buildRules = (
			);
			dependencies = (
				9869A4C02B4B6F6200FA566E /* PBXTargetDependency */,
			);
			name = MealRecipesTests;
			productName = MealRecipesTests;
			productReference = 9869A4BB2B4B6F6200FA566E /* MealRecipesTests.xctest */;
			productType = "com.apple.product-type.bundle.unit-test";
		};
		98E084222B44EFBB00B60925 /* MealRecipes */ = {
			isa = PBXNativeTarget;
			buildConfigurationList = 98E084312B44EFBD00B60925 /* Build configuration list for PBXNativeTarget "MealRecipes" */;
			buildPhases = (
				98E0841F2B44EFBB00B60925 /* Sources */,
				98E084202B44EFBB00B60925 /* Frameworks */,
				98E084212B44EFBB00B60925 /* Resources */,
			);
			buildRules = (
			);
			dependencies = (
			);
			name = MealRecipes;
			productName = MealRecipes;
			productReference = 98E084232B44EFBB00B60925 /* MealRecipes.app */;
			productType = "com.apple.product-type.application";
		};
/* End PBXNativeTarget section */

/* Begin PBXProject section */
		98E0841B2B44EFBB00B60925 /* Project object */ = {
			isa = PBXProject;
			attributes = {
				BuildIndependentTargetsInParallel = 1;
				LastSwiftUpdateCheck = 1510;
				LastUpgradeCheck = 1510;
				TargetAttributes = {
					9869A4BA2B4B6F6200FA566E = {
						CreatedOnToolsVersion = 15.1;
						TestTargetID = 98E084222B44EFBB00B60925;
					};
					98E084222B44EFBB00B60925 = {
						CreatedOnToolsVersion = 15.1;
					};
				};
			};
			buildConfigurationList = 98E0841E2B44EFBB00B60925 /* Build configuration list for PBXProject "MealRecipes" */;
			compatibilityVersion = "Xcode 14.0";
			developmentRegion = en;
			hasScannedForEncodings = 0;
			knownRegions = (
				en,
				Base,
			);
			mainGroup = 98E0841A2B44EFBB00B60925;
			productRefGroup = 98E084242B44EFBB00B60925 /* Products */;
			projectDirPath = "";
			projectRoot = "";
			targets = (
				98E084222B44EFBB00B60925 /* MealRecipes */,
				9869A4BA2B4B6F6200FA566E /* MealRecipesTests */,
			);
		};
/* End PBXProject section */

/* Begin PBXResourcesBuildPhase section */
		9869A4B92B4B6F6200FA566E /* Resources */ = {
			isa = PBXResourcesBuildPhase;
			buildActionMask = 2147483647;
			files = (
			);
			runOnlyForDeploymentPostprocessing = 0;
		};
		98E084212B44EFBB00B60925 /* Resources */ = {
			isa = PBXResourcesBuildPhase;
			buildActionMask = 2147483647;
			files = (
				98E0842E2B44EFBD00B60925 /* Preview Assets.xcassets in Resources */,
				98E0842B2B44EFBD00B60925 /* Assets.xcassets in Resources */,
			);
			runOnlyForDeploymentPostprocessing = 0;
		};
/* End PBXResourcesBuildPhase section */

/* Begin PBXSourcesBuildPhase section */
		9869A4B72B4B6F6200FA566E /* Sources */ = {
			isa = PBXSourcesBuildPhase;
			buildActionMask = 2147483647;
			files = (
				9869A4BE2B4B6F6200FA566E /* RecipeViewModel_Tests.swift in Sources */,
			);
			runOnlyForDeploymentPostprocessing = 0;
		};
		98E0841F2B44EFBB00B60925 /* Sources */ = {
			isa = PBXSourcesBuildPhase;
			buildActionMask = 2147483647;
			files = (
				982E70292B574CC9006637FD /* MockNetworkService.swift in Sources */,
				98E0843C2B450B2600B60925 /* RecipeViewModel.swift in Sources */,
				98E084382B44F1D000B60925 /* RecipeModel.swift in Sources */,
				98E084292B44EFBB00B60925 /* RecipeDetailsView.swift in Sources */,
				98E0843A2B450AD600B60925 /* RecipesView.swift in Sources */,
				98E084272B44EFBB00B60925 /* MealRecipesApp.swift in Sources */,
				986E88502B5E1BDB004CF3D7 /* NetworkingManager.swift in Sources */,
			);
			runOnlyForDeploymentPostprocessing = 0;
		};
/* End PBXSourcesBuildPhase section */

/* Begin PBXTargetDependency section */
		9869A4C02B4B6F6200FA566E /* PBXTargetDependency */ = {
			isa = PBXTargetDependency;
			target = 98E084222B44EFBB00B60925 /* MealRecipes */;
			targetProxy = 9869A4BF2B4B6F6200FA566E /* PBXContainerItemProxy */;
		};
/* End PBXTargetDependency section */

/* Begin XCBuildConfiguration section */
		9869A4C12B4B6F6200FA566E /* Debug */ = {
			isa = XCBuildConfiguration;
			buildSettings = {
				BUNDLE_LOADER = "$(TEST_HOST)";
				CODE_SIGN_STYLE = Automatic;
				CURRENT_PROJECT_VERSION = 1;
				DEVELOPMENT_TEAM = 9C8AG5RRJ3;
				GENERATE_INFOPLIST_FILE = YES;
				MARKETING_VERSION = 1.0;
				PRODUCT_BUNDLE_IDENTIFIER = moreLife.MealRecipesTests;
				PRODUCT_NAME = "$(TARGET_NAME)";
				SWIFT_EMIT_LOC_STRINGS = NO;
				SWIFT_VERSION = 5.0;
				TARGETED_DEVICE_FAMILY = "1,2";
				TEST_HOST = "$(BUILT_PRODUCTS_DIR)/MealRecipes.app/$(BUNDLE_EXECUTABLE_FOLDER_PATH)/MealRecipes";
			};
			name = Debug;
		};
		9869A4C22B4B6F6200FA566E /* Release */ = {
			isa = XCBuildConfiguration;
			buildSettings = {
				BUNDLE_LOADER = "$(TEST_HOST)";
				CODE_SIGN_STYLE = Automatic;
				CURRENT_PROJECT_VERSION = 1;
				DEVELOPMENT_TEAM = 9C8AG5RRJ3;
				GENERATE_INFOPLIST_FILE = YES;
				MARKETING_VERSION = 1.0;
				PRODUCT_BUNDLE_IDENTIFIER = moreLife.MealRecipesTests;
				PRODUCT_NAME = "$(TARGET_NAME)";
				SWIFT_EMIT_LOC_STRINGS = NO;
				SWIFT_VERSION = 5.0;
				TARGETED_DEVICE_FAMILY = "1,2";
				TEST_HOST = "$(BUILT_PRODUCTS_DIR)/MealRecipes.app/$(BUNDLE_EXECUTABLE_FOLDER_PATH)/MealRecipes";
			};
			name = Release;
		};
		98E0842F2B44EFBD00B60925 /* Debug */ = {
			isa = XCBuildConfiguration;
			buildSettings = {
				ALWAYS_SEARCH_USER_PATHS = NO;
				ASSETCATALOG_COMPILER_GENERATE_SWIFT_ASSET_SYMBOL_EXTENSIONS = YES;
				CLANG_ANALYZER_NONNULL = YES;
				CLANG_ANALYZER_NUMBER_OBJECT_CONVERSION = YES_AGGRESSIVE;
				CLANG_CXX_LANGUAGE_STANDARD = "gnu++20";
				CLANG_ENABLE_MODULES = YES;
				CLANG_ENABLE_OBJC_ARC = YES;
				CLANG_ENABLE_OBJC_WEAK = YES;
				CLANG_WARN_BLOCK_CAPTURE_AUTORELEASING = YES;
				CLANG_WARN_BOOL_CONVERSION = YES;
				CLANG_WARN_COMMA = YES;
				CLANG_WARN_CONSTANT_CONVERSION = YES;
				CLANG_WARN_DEPRECATED_OBJC_IMPLEMENTATIONS = YES;
				CLANG_WARN_DIRECT_OBJC_ISA_USAGE = YES_ERROR;
				CLANG_WARN_DOCUMENTATION_COMMENTS = YES;
				CLANG_WARN_EMPTY_BODY = YES;
				CLANG_WARN_ENUM_CONVERSION = YES;
				CLANG_WARN_INFINITE_RECURSION = YES;
				CLANG_WARN_INT_CONVERSION = YES;
				CLANG_WARN_NON_LITERAL_NULL_CONVERSION = YES;
				CLANG_WARN_OBJC_IMPLICIT_RETAIN_SELF = YES;
				CLANG_WARN_OBJC_LITERAL_CONVERSION = YES;
				CLANG_WARN_OBJC_ROOT_CLASS = YES_ERROR;
				CLANG_WARN_QUOTED_INCLUDE_IN_FRAMEWORK_HEADER = YES;
				CLANG_WARN_RANGE_LOOP_ANALYSIS = YES;
				CLANG_WARN_STRICT_PROTOTYPES = YES;
				CLANG_WARN_SUSPICIOUS_MOVE = YES;
				CLANG_WARN_UNGUARDED_AVAILABILITY = YES_AGGRESSIVE;
				CLANG_WARN_UNREACHABLE_CODE = YES;
				CLANG_WARN__DUPLICATE_METHOD_MATCH = YES;
				COPY_PHASE_STRIP = NO;
				DEBUG_INFORMATION_FORMAT = dwarf;
				ENABLE_STRICT_OBJC_MSGSEND = YES;
				ENABLE_TESTABILITY = YES;
				ENABLE_USER_SCRIPT_SANDBOXING = YES;
				GCC_C_LANGUAGE_STANDARD = gnu17;
				GCC_DYNAMIC_NO_PIC = NO;
				GCC_NO_COMMON_BLOCKS = YES;
				GCC_OPTIMIZATION_LEVEL = 0;
				GCC_PREPROCESSOR_DEFINITIONS = (
					"DEBUG=1",
					"$(inherited)",
				);
				GCC_WARN_64_TO_32_BIT_CONVERSION = YES;
				GCC_WARN_ABOUT_RETURN_TYPE = YES_ERROR;
				GCC_WARN_UNDECLARED_SELECTOR = YES;
				GCC_WARN_UNINITIALIZED_AUTOS = YES_AGGRESSIVE;
				GCC_WARN_UNUSED_FUNCTION = YES;
				GCC_WARN_UNUSED_VARIABLE = YES;
				IPHONEOS_DEPLOYMENT_TARGET = 17.2;
				LOCALIZATION_PREFERS_STRING_CATALOGS = YES;
				MTL_ENABLE_DEBUG_INFO = INCLUDE_SOURCE;
				MTL_FAST_MATH = YES;
				ONLY_ACTIVE_ARCH = YES;
				SDKROOT = iphoneos;
				SWIFT_ACTIVE_COMPILATION_CONDITIONS = "DEBUG $(inherited)";
				SWIFT_OPTIMIZATION_LEVEL = "-Onone";
			};
			name = Debug;
		};
		98E084302B44EFBD00B60925 /* Release */ = {
			isa = XCBuildConfiguration;
			buildSettings = {
				ALWAYS_SEARCH_USER_PATHS = NO;
				ASSETCATALOG_COMPILER_GENERATE_SWIFT_ASSET_SYMBOL_EXTENSIONS = YES;
				CLANG_ANALYZER_NONNULL = YES;
				CLANG_ANALYZER_NUMBER_OBJECT_CONVERSION = YES_AGGRESSIVE;
				CLANG_CXX_LANGUAGE_STANDARD = "gnu++20";
				CLANG_ENABLE_MODULES = YES;
				CLANG_ENABLE_OBJC_ARC = YES;
				CLANG_ENABLE_OBJC_WEAK = YES;
				CLANG_WARN_BLOCK_CAPTURE_AUTORELEASING = YES;
				CLANG_WARN_BOOL_CONVERSION = YES;
				CLANG_WARN_COMMA = YES;
				CLANG_WARN_CONSTANT_CONVERSION = YES;
				CLANG_WARN_DEPRECATED_OBJC_IMPLEMENTATIONS = YES;
				CLANG_WARN_DIRECT_OBJC_ISA_USAGE = YES_ERROR;
				CLANG_WARN_DOCUMENTATION_COMMENTS = YES;
				CLANG_WARN_EMPTY_BODY = YES;
				CLANG_WARN_ENUM_CONVERSION = YES;
				CLANG_WARN_INFINITE_RECURSION = YES;
				CLANG_WARN_INT_CONVERSION = YES;
				CLANG_WARN_NON_LITERAL_NULL_CONVERSION = YES;
				CLANG_WARN_OBJC_IMPLICIT_RETAIN_SELF = YES;
				CLANG_WARN_OBJC_LITERAL_CONVERSION = YES;
				CLANG_WARN_OBJC_ROOT_CLASS = YES_ERROR;
				CLANG_WARN_QUOTED_INCLUDE_IN_FRAMEWORK_HEADER = YES;
				CLANG_WARN_RANGE_LOOP_ANALYSIS = YES;
				CLANG_WARN_STRICT_PROTOTYPES = YES;
				CLANG_WARN_SUSPICIOUS_MOVE = YES;
				CLANG_WARN_UNGUARDED_AVAILABILITY = YES_AGGRESSIVE;
				CLANG_WARN_UNREACHABLE_CODE = YES;
				CLANG_WARN__DUPLICATE_METHOD_MATCH = YES;
				COPY_PHASE_STRIP = NO;
				DEBUG_INFORMATION_FORMAT = "dwarf-with-dsym";
				ENABLE_NS_ASSERTIONS = NO;
				ENABLE_STRICT_OBJC_MSGSEND = YES;
				ENABLE_USER_SCRIPT_SANDBOXING = YES;
				GCC_C_LANGUAGE_STANDARD = gnu17;
				GCC_NO_COMMON_BLOCKS = YES;
				GCC_WARN_64_TO_32_BIT_CONVERSION = YES;
				GCC_WARN_ABOUT_RETURN_TYPE = YES_ERROR;
				GCC_WARN_UNDECLARED_SELECTOR = YES;
				GCC_WARN_UNINITIALIZED_AUTOS = YES_AGGRESSIVE;
				GCC_WARN_UNUSED_FUNCTION = YES;
				GCC_WARN_UNUSED_VARIABLE = YES;
				IPHONEOS_DEPLOYMENT_TARGET = 17.2;
				LOCALIZATION_PREFERS_STRING_CATALOGS = YES;
				MTL_ENABLE_DEBUG_INFO = NO;
				MTL_FAST_MATH = YES;
				SDKROOT = iphoneos;
				SWIFT_COMPILATION_MODE = wholemodule;
				VALIDATE_PRODUCT = YES;
			};
			name = Release;
		};
		98E084322B44EFBD00B60925 /* Debug */ = {
			isa = XCBuildConfiguration;
			buildSettings = {
				ASSETCATALOG_COMPILER_APPICON_NAME = AppIcon;
				ASSETCATALOG_COMPILER_GLOBAL_ACCENT_COLOR_NAME = AccentColor;
				CODE_SIGN_STYLE = Automatic;
				CURRENT_PROJECT_VERSION = 1;
				DEVELOPMENT_ASSET_PATHS = "\"MealRecipes/Preview Content\"";
				DEVELOPMENT_TEAM = 9C8AG5RRJ3;
				ENABLE_PREVIEWS = YES;
				GENERATE_INFOPLIST_FILE = YES;
				INFOPLIST_KEY_UIApplicationSceneManifest_Generation = YES;
				INFOPLIST_KEY_UIApplicationSupportsIndirectInputEvents = YES;
				INFOPLIST_KEY_UILaunchScreen_Generation = YES;
				INFOPLIST_KEY_UISupportedInterfaceOrientations_iPad = "UIInterfaceOrientationPortrait UIInterfaceOrientationPortraitUpsideDown UIInterfaceOrientationLandscapeLeft UIInterfaceOrientationLandscapeRight";
				INFOPLIST_KEY_UISupportedInterfaceOrientations_iPhone = "UIInterfaceOrientationPortrait UIInterfaceOrientationLandscapeLeft UIInterfaceOrientationLandscapeRight";
				LD_RUNPATH_SEARCH_PATHS = (
					"$(inherited)",
					"@executable_path/Frameworks",
				);
				MARKETING_VERSION = 1.0;
				PRODUCT_BUNDLE_IDENTIFIER = moreLife.MealRecipes;
				PRODUCT_NAME = "$(TARGET_NAME)";
				SWIFT_EMIT_LOC_STRINGS = YES;
				SWIFT_VERSION = 5.0;
				TARGETED_DEVICE_FAMILY = "1,2";
			};
			name = Debug;
		};
		98E084332B44EFBD00B60925 /* Release */ = {
			isa = XCBuildConfiguration;
			buildSettings = {
				ASSETCATALOG_COMPILER_APPICON_NAME = AppIcon;
				ASSETCATALOG_COMPILER_GLOBAL_ACCENT_COLOR_NAME = AccentColor;
				CODE_SIGN_STYLE = Automatic;
				CURRENT_PROJECT_VERSION = 1;
				DEVELOPMENT_ASSET_PATHS = "\"MealRecipes/Preview Content\"";
				DEVELOPMENT_TEAM = 9C8AG5RRJ3;
				ENABLE_PREVIEWS = YES;
				GENERATE_INFOPLIST_FILE = YES;
				INFOPLIST_KEY_UIApplicationSceneManifest_Generation = YES;
				INFOPLIST_KEY_UIApplicationSupportsIndirectInputEvents = YES;
				INFOPLIST_KEY_UILaunchScreen_Generation = YES;
				INFOPLIST_KEY_UISupportedInterfaceOrientations_iPad = "UIInterfaceOrientationPortrait UIInterfaceOrientationPortraitUpsideDown UIInterfaceOrientationLandscapeLeft UIInterfaceOrientationLandscapeRight";
				INFOPLIST_KEY_UISupportedInterfaceOrientations_iPhone = "UIInterfaceOrientationPortrait UIInterfaceOrientationLandscapeLeft UIInterfaceOrientationLandscapeRight";
				LD_RUNPATH_SEARCH_PATHS = (
					"$(inherited)",
					"@executable_path/Frameworks",
				);
				MARKETING_VERSION = 1.0;
				PRODUCT_BUNDLE_IDENTIFIER = moreLife.MealRecipes;
				PRODUCT_NAME = "$(TARGET_NAME)";
				SWIFT_EMIT_LOC_STRINGS = YES;
				SWIFT_VERSION = 5.0;
				TARGETED_DEVICE_FAMILY = "1,2";
			};
			name = Release;
		};
/* End XCBuildConfiguration section */

/* Begin XCConfigurationList section */
		9869A4C32B4B6F6200FA566E /* Build configuration list for PBXNativeTarget "MealRecipesTests" */ = {
			isa = XCConfigurationList;
			buildConfigurations = (
				9869A4C12B4B6F6200FA566E /* Debug */,
				9869A4C22B4B6F6200FA566E /* Release */,
			);
			defaultConfigurationIsVisible = 0;
			defaultConfigurationName = Release;
		};
		98E0841E2B44EFBB00B60925 /* Build configuration list for PBXProject "MealRecipes" */ = {
			isa = XCConfigurationList;
			buildConfigurations = (
				98E0842F2B44EFBD00B60925 /* Debug */,
				98E084302B44EFBD00B60925 /* Release */,
			);
			defaultConfigurationIsVisible = 0;
			defaultConfigurationName = Release;
		};
		98E084312B44EFBD00B60925 /* Build configuration list for PBXNativeTarget "MealRecipes" */ = {
			isa = XCConfigurationList;
			buildConfigurations = (
				98E084322B44EFBD00B60925 /* Debug */,
				98E084332B44EFBD00B60925 /* Release */,
			);
			defaultConfigurationIsVisible = 0;
			defaultConfigurationName = Release;
		};
/* End XCConfigurationList section */
	};
	rootObject = 98E0841B2B44EFBB00B60925 /* Project object */;
}
